
Microsoft Visual Studio Solution File, Format Version 12.00
# Visual Studio 14
VisualStudioVersion = 14.0.25420.1
MinimumVisualStudioVersion = 10.0.40219.1
Project("{930C7802-8A8C-48F9-8165-68863BCCD9DD}") = "DistrictPlugInInstaller", "SetupProject\DistrictPlugInInstaller.wixproj", "{2A10A76B-558F-424D-965B-D2C84703CEE0}"
EndProject
Project("{930C7802-8A8C-48F9-8165-68863BCCD9DD}") = "DistrictEnergyMM", "MergeModule\DistrictEnergyMM.wixproj", "{EEF33BC1-2E0D-44EC-87D7-8D5F21D7738A}"
EndProject
Project("{FAE04EC0-301F-11D3-BF4B-00C04F79EFBC}") = "DistrictEnergy", "DistrictEnergy\DistrictEnergy.csproj", "{BD1D8B7C-53FD-4DD7-AED6-AB6519FFC862}"
	ProjectSection(ProjectDependencies) = postProject
		{8929276D-F93F-4243-831E-EAC6070ED705} = {8929276D-F93F-4243-831E-EAC6070ED705}
	EndProjectSection
EndProject
Project("{FAE04EC0-301F-11D3-BF4B-00C04F79EFBC}") = "ExportLoadsToFile", "..\ExportLoadsToFile\ExportLoadsToFile\ExportLoadsToFile.csproj", "{930C7EDA-1D1B-410C-BF19-6FC5EC4CACB2}"
	ProjectSection(ProjectDependencies) = postProject
		{D8D748D7-AEDF-4C88-9AA9-95498FCF87B8} = {D8D748D7-AEDF-4C88-9AA9-95498FCF87B8}
	EndProjectSection
EndProject
Project("{930C7802-8A8C-48F9-8165-68863BCCD9DD}") = "ExportLoadsToFileMM", "ExportLoadsToFileMM\ExportLoadsToFileMM.wixproj", "{98853A97-4086-4BB0-9C04-2CA271F03DB6}"
EndProject
Project("{FAE04EC0-301F-11D3-BF4B-00C04F79EFBC}") = "TrnsysUmiPlatform", "..\TrnsysUmiPlatform\ConsoleApp1\TrnsysUmiPlatform.csproj", "{8929276D-F93F-4243-831E-EAC6070ED705}"
EndProject
Project("{FAE04EC0-301F-11D3-BF4B-00C04F79EFBC}") = "EnergyPlusWeather", "..\EnergyPlusWeatherPull-master\EnergyPlusWeather\EnergyPlusWeather.csproj", "{D8D748D7-AEDF-4C88-9AA9-95498FCF87B8}"
EndProject
Global
	GlobalSection(SolutionConfigurationPlatforms) = preSolution
		Debug|Any CPU = Debug|Any CPU
		Debug|x86 = Debug|x86
		Debug5|Any CPU = Debug5|Any CPU
		Debug5|x86 = Debug5|x86
		Debug5H|Any CPU = Debug5H|Any CPU
		Debug5H|x86 = Debug5H|x86
		Debug64|Any CPU = Debug64|Any CPU
		Debug64|x86 = Debug64|x86
		Release|Any CPU = Release|Any CPU
		Release|x86 = Release|x86
	EndGlobalSection
	GlobalSection(ProjectConfigurationPlatforms) = postSolution
		{2A10A76B-558F-424D-965B-D2C84703CEE0}.Debug|Any CPU.ActiveCfg = Debug|x86
		{2A10A76B-558F-424D-965B-D2C84703CEE0}.Debug|Any CPU.Build.0 = Debug|x86
		{2A10A76B-558F-424D-965B-D2C84703CEE0}.Debug|x86.ActiveCfg = Debug|x86
		{2A10A76B-558F-424D-965B-D2C84703CEE0}.Debug|x86.Build.0 = Debug|x86
		{2A10A76B-558F-424D-965B-D2C84703CEE0}.Debug5|Any CPU.ActiveCfg = Release|x86
		{2A10A76B-558F-424D-965B-D2C84703CEE0}.Debug5|Any CPU.Build.0 = Release|x86
		{2A10A76B-558F-424D-965B-D2C84703CEE0}.Debug5|x86.ActiveCfg = Debug|x86
		{2A10A76B-558F-424D-965B-D2C84703CEE0}.Debug5|x86.Build.0 = Debug|x86
		{2A10A76B-558F-424D-965B-D2C84703CEE0}.Debug5H|Any CPU.ActiveCfg = Release|x86
		{2A10A76B-558F-424D-965B-D2C84703CEE0}.Debug5H|Any CPU.Build.0 = Release|x86
		{2A10A76B-558F-424D-965B-D2C84703CEE0}.Debug5H|x86.ActiveCfg = Debug|x86
		{2A10A76B-558F-424D-965B-D2C84703CEE0}.Debug5H|x86.Build.0 = Debug|x86
		{2A10A76B-558F-424D-965B-D2C84703CEE0}.Debug64|Any CPU.ActiveCfg = Release|x86
		{2A10A76B-558F-424D-965B-D2C84703CEE0}.Debug64|Any CPU.Build.0 = Release|x86
		{2A10A76B-558F-424D-965B-D2C84703CEE0}.Debug64|x86.ActiveCfg = Debug|x86
		{2A10A76B-558F-424D-965B-D2C84703CEE0}.Debug64|x86.Build.0 = Debug|x86
		{2A10A76B-558F-424D-965B-D2C84703CEE0}.Release|Any CPU.ActiveCfg = Release|x86
		{2A10A76B-558F-424D-965B-D2C84703CEE0}.Release|x86.ActiveCfg = Release|x86
		{2A10A76B-558F-424D-965B-D2C84703CEE0}.Release|x86.Build.0 = Release|x86
		{EEF33BC1-2E0D-44EC-87D7-8D5F21D7738A}.Debug|Any CPU.ActiveCfg = Debug|x86
		{EEF33BC1-2E0D-44EC-87D7-8D5F21D7738A}.Debug|Any CPU.Build.0 = Debug|x86
		{EEF33BC1-2E0D-44EC-87D7-8D5F21D7738A}.Debug|x86.ActiveCfg = Debug|x86
		{EEF33BC1-2E0D-44EC-87D7-8D5F21D7738A}.Debug|x86.Build.0 = Debug|x86
		{EEF33BC1-2E0D-44EC-87D7-8D5F21D7738A}.Debug5|Any CPU.ActiveCfg = Release|x86
		{EEF33BC1-2E0D-44EC-87D7-8D5F21D7738A}.Debug5|Any CPU.Build.0 = Release|x86
		{EEF33BC1-2E0D-44EC-87D7-8D5F21D7738A}.Debug5|x86.ActiveCfg = Debug|x86
		{EEF33BC1-2E0D-44EC-87D7-8D5F21D7738A}.Debug5|x86.Build.0 = Debug|x86
		{EEF33BC1-2E0D-44EC-87D7-8D5F21D7738A}.Debug5H|Any CPU.ActiveCfg = Release|x86
		{EEF33BC1-2E0D-44EC-87D7-8D5F21D7738A}.Debug5H|Any CPU.Build.0 = Release|x86
		{EEF33BC1-2E0D-44EC-87D7-8D5F21D7738A}.Debug5H|x86.ActiveCfg = Debug|x86
		{EEF33BC1-2E0D-44EC-87D7-8D5F21D7738A}.Debug5H|x86.Build.0 = Debug|x86
		{EEF33BC1-2E0D-44EC-87D7-8D5F21D7738A}.Debug64|Any CPU.ActiveCfg = Release|x86
		{EEF33BC1-2E0D-44EC-87D7-8D5F21D7738A}.Debug64|Any CPU.Build.0 = Release|x86
		{EEF33BC1-2E0D-44EC-87D7-8D5F21D7738A}.Debug64|x86.ActiveCfg = Debug|x86
		{EEF33BC1-2E0D-44EC-87D7-8D5F21D7738A}.Debug64|x86.Build.0 = Debug|x86
		{EEF33BC1-2E0D-44EC-87D7-8D5F21D7738A}.Release|Any CPU.ActiveCfg = Release|x86
		{EEF33BC1-2E0D-44EC-87D7-8D5F21D7738A}.Release|x86.ActiveCfg = Release|x86
		{EEF33BC1-2E0D-44EC-87D7-8D5F21D7738A}.Release|x86.Build.0 = Release|x86
		{BD1D8B7C-53FD-4DD7-AED6-AB6519FFC862}.Debug|Any CPU.ActiveCfg = Debug64|Any CPU
		{BD1D8B7C-53FD-4DD7-AED6-AB6519FFC862}.Debug|Any CPU.Build.0 = Debug64|Any CPU
		{BD1D8B7C-53FD-4DD7-AED6-AB6519FFC862}.Debug|x86.ActiveCfg = Debug64|Any CPU
		{BD1D8B7C-53FD-4DD7-AED6-AB6519FFC862}.Debug|x86.Build.0 = Debug64|Any CPU
		{BD1D8B7C-53FD-4DD7-AED6-AB6519FFC862}.Debug5|Any CPU.ActiveCfg = Debug64|Any CPU
		{BD1D8B7C-53FD-4DD7-AED6-AB6519FFC862}.Debug5|Any CPU.Build.0 = Debug64|Any CPU
		{BD1D8B7C-53FD-4DD7-AED6-AB6519FFC862}.Debug5|x86.ActiveCfg = Debug64|Any CPU
		{BD1D8B7C-53FD-4DD7-AED6-AB6519FFC862}.Debug5|x86.Build.0 = Debug64|Any CPU
		{BD1D8B7C-53FD-4DD7-AED6-AB6519FFC862}.Debug5H|Any CPU.ActiveCfg = Debug64|Any CPU
		{BD1D8B7C-53FD-4DD7-AED6-AB6519FFC862}.Debug5H|Any CPU.Build.0 = Debug64|Any CPU
		{BD1D8B7C-53FD-4DD7-AED6-AB6519FFC862}.Debug5H|x86.ActiveCfg = Debug64|Any CPU
		{BD1D8B7C-53FD-4DD7-AED6-AB6519FFC862}.Debug5H|x86.Build.0 = Debug64|Any CPU
		{BD1D8B7C-53FD-4DD7-AED6-AB6519FFC862}.Debug64|Any CPU.ActiveCfg = Debug64|Any CPU
		{BD1D8B7C-53FD-4DD7-AED6-AB6519FFC862}.Debug64|Any CPU.Build.0 = Debug64|Any CPU
		{BD1D8B7C-53FD-4DD7-AED6-AB6519FFC862}.Debug64|x86.ActiveCfg = Debug64|Any CPU
		{BD1D8B7C-53FD-4DD7-AED6-AB6519FFC862}.Debug64|x86.Build.0 = Debug64|Any CPU
		{BD1D8B7C-53FD-4DD7-AED6-AB6519FFC862}.Release|Any CPU.ActiveCfg = Release|Any CPU
		{BD1D8B7C-53FD-4DD7-AED6-AB6519FFC862}.Release|Any CPU.Build.0 = Release|Any CPU
		{BD1D8B7C-53FD-4DD7-AED6-AB6519FFC862}.Release|x86.ActiveCfg = Release|Any CPU
		{BD1D8B7C-53FD-4DD7-AED6-AB6519FFC862}.Release|x86.Build.0 = Release|Any CPU
		{930C7EDA-1D1B-410C-BF19-6FC5EC4CACB2}.Debug|Any CPU.ActiveCfg = Debug64|Any CPU
		{930C7EDA-1D1B-410C-BF19-6FC5EC4CACB2}.Debug|Any CPU.Build.0 = Debug64|Any CPU
		{930C7EDA-1D1B-410C-BF19-6FC5EC4CACB2}.Debug|x86.ActiveCfg = Debug64|Any CPU
		{930C7EDA-1D1B-410C-BF19-6FC5EC4CACB2}.Debug|x86.Build.0 = Debug64|Any CPU
		{930C7EDA-1D1B-410C-BF19-6FC5EC4CACB2}.Debug5|Any CPU.ActiveCfg = Debug64|Any CPU
		{930C7EDA-1D1B-410C-BF19-6FC5EC4CACB2}.Debug5|Any CPU.Build.0 = Debug64|Any CPU
		{930C7EDA-1D1B-410C-BF19-6FC5EC4CACB2}.Debug5|x86.ActiveCfg = Debug64|Any CPU
		{930C7EDA-1D1B-410C-BF19-6FC5EC4CACB2}.Debug5|x86.Build.0 = Debug64|Any CPU
		{930C7EDA-1D1B-410C-BF19-6FC5EC4CACB2}.Debug5H|Any CPU.ActiveCfg = Debug64|Any CPU
		{930C7EDA-1D1B-410C-BF19-6FC5EC4CACB2}.Debug5H|Any CPU.Build.0 = Debug64|Any CPU
		{930C7EDA-1D1B-410C-BF19-6FC5EC4CACB2}.Debug5H|x86.ActiveCfg = Debug64|Any CPU
		{930C7EDA-1D1B-410C-BF19-6FC5EC4CACB2}.Debug5H|x86.Build.0 = Debug64|Any CPU
		{930C7EDA-1D1B-410C-BF19-6FC5EC4CACB2}.Debug64|Any CPU.ActiveCfg = Debug64|Any CPU
		{930C7EDA-1D1B-410C-BF19-6FC5EC4CACB2}.Debug64|Any CPU.Build.0 = Debug64|Any CPU
		{930C7EDA-1D1B-410C-BF19-6FC5EC4CACB2}.Debug64|x86.ActiveCfg = Debug64|Any CPU
		{930C7EDA-1D1B-410C-BF19-6FC5EC4CACB2}.Debug64|x86.Build.0 = Debug64|Any CPU
		{930C7EDA-1D1B-410C-BF19-6FC5EC4CACB2}.Release|Any CPU.ActiveCfg = Release|Any CPU
		{930C7EDA-1D1B-410C-BF19-6FC5EC4CACB2}.Release|Any CPU.Build.0 = Release|Any CPU
		{930C7EDA-1D1B-410C-BF19-6FC5EC4CACB2}.Release|x86.ActiveCfg = Release|Any CPU
		{930C7EDA-1D1B-410C-BF19-6FC5EC4CACB2}.Release|x86.Build.0 = Release|Any CPU
		{98853A97-4086-4BB0-9C04-2CA271F03DB6}.Debug|Any CPU.ActiveCfg = Debug|x86
		{98853A97-4086-4BB0-9C04-2CA271F03DB6}.Debug|Any CPU.Build.0 = Debug|x86
		{98853A97-4086-4BB0-9C04-2CA271F03DB6}.Debug|x86.ActiveCfg = Debug|x86
		{98853A97-4086-4BB0-9C04-2CA271F03DB6}.Debug|x86.Build.0 = Debug|x86
		{98853A97-4086-4BB0-9C04-2CA271F03DB6}.Debug5|Any CPU.ActiveCfg = Release|x86
		{98853A97-4086-4BB0-9C04-2CA271F03DB6}.Debug5|Any CPU.Build.0 = Release|x86
		{98853A97-4086-4BB0-9C04-2CA271F03DB6}.Debug5|x86.ActiveCfg = Debug|x86
		{98853A97-4086-4BB0-9C04-2CA271F03DB6}.Debug5|x86.Build.0 = Debug|x86
		{98853A97-4086-4BB0-9C04-2CA271F03DB6}.Debug5H|Any CPU.ActiveCfg = Release|x86
		{98853A97-4086-4BB0-9C04-2CA271F03DB6}.Debug5H|Any CPU.Build.0 = Release|x86
		{98853A97-4086-4BB0-9C04-2CA271F03DB6}.Debug5H|x86.ActiveCfg = Debug|x86
		{98853A97-4086-4BB0-9C04-2CA271F03DB6}.Debug5H|x86.Build.0 = Debug|x86
		{98853A97-4086-4BB0-9C04-2CA271F03DB6}.Debug64|Any CPU.ActiveCfg = Release|x86
		{98853A97-4086-4BB0-9C04-2CA271F03DB6}.Debug64|Any CPU.Build.0 = Release|x86
		{98853A97-4086-4BB0-9C04-2CA271F03DB6}.Debug64|x86.ActiveCfg = Debug|x86
		{98853A97-4086-4BB0-9C04-2CA271F03DB6}.Debug64|x86.Build.0 = Debug|x86
		{98853A97-4086-4BB0-9C04-2CA271F03DB6}.Release|Any CPU.ActiveCfg = Release|x86
		{98853A97-4086-4BB0-9C04-2CA271F03DB6}.Release|x86.ActiveCfg = Release|x86
		{98853A97-4086-4BB0-9C04-2CA271F03DB6}.Release|x86.Build.0 = Release|x86
		{8929276D-F93F-4243-831E-EAC6070ED705}.Debug|Any CPU.ActiveCfg = Debug|Any CPU
		{8929276D-F93F-4243-831E-EAC6070ED705}.Debug|Any CPU.Build.0 = Debug|Any CPU
		{8929276D-F93F-4243-831E-EAC6070ED705}.Debug|x86.ActiveCfg = Debug|Any CPU
		{8929276D-F93F-4243-831E-EAC6070ED705}.Debug|x86.Build.0 = Debug|Any CPU
		{8929276D-F93F-4243-831E-EAC6070ED705}.Debug5|Any CPU.ActiveCfg = Debug|Any CPU
		{8929276D-F93F-4243-831E-EAC6070ED705}.Debug5|Any CPU.Build.0 = Debug|Any CPU
		{8929276D-F93F-4243-831E-EAC6070ED705}.Debug5|x86.ActiveCfg = Debug|Any CPU
		{8929276D-F93F-4243-831E-EAC6070ED705}.Debug5|x86.Build.0 = Debug|Any CPU
		{8929276D-F93F-4243-831E-EAC6070ED705}.Debug5H|Any CPU.ActiveCfg = Debug|Any CPU
		{8929276D-F93F-4243-831E-EAC6070ED705}.Debug5H|Any CPU.Build.0 = Debug|Any CPU
		{8929276D-F93F-4243-831E-EAC6070ED705}.Debug5H|x86.ActiveCfg = Debug|Any CPU
		{8929276D-F93F-4243-831E-EAC6070ED705}.Debug5H|x86.Build.0 = Debug|Any CPU
		{8929276D-F93F-4243-831E-EAC6070ED705}.Debug64|Any CPU.ActiveCfg = Debug|Any CPU
		{8929276D-F93F-4243-831E-EAC6070ED705}.Debug64|Any CPU.Build.0 = Debug|Any CPU
		{8929276D-F93F-4243-831E-EAC6070ED705}.Debug64|x86.ActiveCfg = Debug|Any CPU
		{8929276D-F93F-4243-831E-EAC6070ED705}.Debug64|x86.Build.0 = Debug|Any CPU
		{8929276D-F93F-4243-831E-EAC6070ED705}.Release|Any CPU.ActiveCfg = Release|Any CPU
		{8929276D-F93F-4243-831E-EAC6070ED705}.Release|Any CPU.Build.0 = Release|Any CPU
		{8929276D-F93F-4243-831E-EAC6070ED705}.Release|x86.ActiveCfg = Release|Any CPU
		{8929276D-F93F-4243-831E-EAC6070ED705}.Release|x86.Build.0 = Release|Any CPU
		{D8D748D7-AEDF-4C88-9AA9-95498FCF87B8}.Debug|Any CPU.ActiveCfg = Debug|Any CPU
		{D8D748D7-AEDF-4C88-9AA9-95498FCF87B8}.Debug|Any CPU.Build.0 = Debug|Any CPU
		{D8D748D7-AEDF-4C88-9AA9-95498FCF87B8}.Debug|x86.ActiveCfg = Debug|Any CPU
		{D8D748D7-AEDF-4C88-9AA9-95498FCF87B8}.Debug|x86.Build.0 = Debug|Any CPU
		{D8D748D7-AEDF-4C88-9AA9-95498FCF87B8}.Debug5|Any CPU.ActiveCfg = Debug|Any CPU
		{D8D748D7-AEDF-4C88-9AA9-95498FCF87B8}.Debug5|Any CPU.Build.0 = Debug|Any CPU
		{D8D748D7-AEDF-4C88-9AA9-95498FCF87B8}.Debug5|x86.ActiveCfg = Debug|Any CPU
		{D8D748D7-AEDF-4C88-9AA9-95498FCF87B8}.Debug5|x86.Build.0 = Debug|Any CPU
		{D8D748D7-AEDF-4C88-9AA9-95498FCF87B8}.Debug5H|Any CPU.ActiveCfg = Debug|Any CPU
		{D8D748D7-AEDF-4C88-9AA9-95498FCF87B8}.Debug5H|Any CPU.Build.0 = Debug|Any CPU
		{D8D748D7-AEDF-4C88-9AA9-95498FCF87B8}.Debug5H|x86.ActiveCfg = Debug|Any CPU
		{D8D748D7-AEDF-4C88-9AA9-95498FCF87B8}.Debug5H|x86.Build.0 = Debug|Any CPU
		{D8D748D7-AEDF-4C88-9AA9-95498FCF87B8}.Debug64|Any CPU.ActiveCfg = Debug|Any CPU
		{D8D748D7-AEDF-4C88-9AA9-95498FCF87B8}.Debug64|Any CPU.Build.0 = Debug|Any CPU
		{D8D748D7-AEDF-4C88-9AA9-95498FCF87B8}.Debug64|x86.ActiveCfg = Debug|Any CPU
		{D8D748D7-AEDF-4C88-9AA9-95498FCF87B8}.Debug64|x86.Build.0 = Debug|Any CPU
		{D8D748D7-AEDF-4C88-9AA9-95498FCF87B8}.Release|Any CPU.ActiveCfg = Release|Any CPU
		{D8D748D7-AEDF-4C88-9AA9-95498FCF87B8}.Release|Any CPU.Build.0 = Release|Any CPU
		{D8D748D7-AEDF-4C88-9AA9-95498FCF87B8}.Release|x86.ActiveCfg = Release|Any CPU
		{D8D748D7-AEDF-4C88-9AA9-95498FCF87B8}.Release|x86.Build.0 = Release|Any CPU
	EndGlobalSection
	GlobalSection(SolutionProperties) = preSolution
		HideSolutionNode = FALSE
	EndGlobalSection
EndGlobal
