
Microsoft Visual Studio Solution File, Format Version 12.00
# Visual Studio 14
VisualStudioVersion = 14.0.25420.1
MinimumVisualStudioVersion = 10.0.40219.1
Project("{930C7802-8A8C-48F9-8165-68863BCCD9DD}") = "DistrictPlugInInstaller", "SetupProject\DistrictPlugInInstaller.wixproj", "{2A10A76B-558F-424D-965B-D2C84703CEE0}"
EndProject
Project("{930C7802-8A8C-48F9-8165-68863BCCD9DD}") = "DistrictEnergyMM", "MergeModule\DistrictEnergyMM.wixproj", "{EEF33BC1-2E0D-44EC-87D7-8D5F21D7738A}"
EndProject
Project("{FAE04EC0-301F-11D3-BF4B-00C04F79EFBC}") = "DistrictEnergy", "DistrictEnergy\DistrictEnergy.csproj", "{BD1D8B7C-53FD-4DD7-AED6-AB6519FFC862}"
	ProjectSection(ProjectDependencies) = postProject
		{8929276D-F93F-4243-831E-EAC6070ED705} = {8929276D-F93F-4243-831E-EAC6070ED705}
	EndProjectSection
EndProject
Project("{FAE04EC0-301F-11D3-BF4B-00C04F79EFBC}") = "ExportLoadsToFile", "..\ExportLoadsToFile\ExportLoadsToFile\ExportLoadsToFile.csproj", "{930C7EDA-1D1B-410C-BF19-6FC5EC4CACB2}"
	ProjectSection(ProjectDependencies) = postProject
		{D8D748D7-AEDF-4C88-9AA9-95498FCF87B8} = {D8D748D7-AEDF-4C88-9AA9-95498FCF87B8}
	EndProjectSection
EndProject
Project("{930C7802-8A8C-48F9-8165-68863BCCD9DD}") = "ExportLoadsToFileMM", "ExportLoadsToFileMM\ExportLoadsToFileMM.wixproj", "{98853A97-4086-4BB0-9C04-2CA271F03DB6}"
EndProject
Project("{FAE04EC0-301F-11D3-BF4B-00C04F79EFBC}") = "TrnsysUmiPlatform", "..\TrnsysUmiPlatform\ConsoleApp1\TrnsysUmiPlatform.csproj", "{8929276D-F93F-4243-831E-EAC6070ED705}"
EndProject
Project("{FAE04EC0-301F-11D3-BF4B-00C04F79EFBC}") = "EnergyPlusWeather", "..\EnergyPlusWeatherPull-master\EnergyPlusWeather\EnergyPlusWeather.csproj", "{D8D748D7-AEDF-4C88-9AA9-95498FCF87B8}"
EndProject
Project("{930C7802-8A8C-48F9-8165-68863BCCD9DD}") = "TempFilesMM", "TempFilesMM\TempFilesMM.wixproj", "{EBE561F5-8040-4C96-83CD-898C2AE5F70D}"
EndProject
Project("{FAE04EC0-301F-11D3-BF4B-00C04F79EFBC}") = "DHEngine", "DHEngine\DHEngine.csproj", "{5F81CE7F-4D23-408A-AA9E-B51F4FA29BED}"
EndProject
Project("{7CF6DF6D-3B04-46F8-A40B-537D21BCA0B4}") = "DistricEnergyPlugInDocs", "DistricEnergyPlugInDocs\DistricEnergyPlugInDocs.shfbproj", "{087A7734-F41B-4595-897A-A6E65E2C554E}"
EndProject
Project("{2150E333-8FDC-42A3-9474-1A3956D46DE8}") = "Solution Items", "Solution Items", "{6C1E6AED-944B-487E-94E4-19067CCDF9CE}"
	ProjectSection(SolutionItems) = preProject
		AssemblyInfoCommon.cs = AssemblyInfoCommon.cs
	EndProjectSection
EndProject
Project("{2150E333-8FDC-42A3-9474-1A3956D46DE8}") = "DistrictEnergyPlugInInstaller", "DistrictEnergyPlugInInstaller", "{881BF256-EE95-4A8F-A464-0BE6B5A2EBA7}"
EndProject
Project("{2150E333-8FDC-42A3-9474-1A3956D46DE8}") = "Docs", "Docs", "{DE15F97C-B48D-4280-BC7B-5789B7C0720B}"
EndProject
Project("{2150E333-8FDC-42A3-9474-1A3956D46DE8}") = "Dependencies", "Dependencies", "{24EF740C-D3FA-417A-BD27-1FC0ECDDFA9C}"
EndProject
Global
	GlobalSection(SolutionConfigurationPlatforms) = preSolution
		Debug|Any CPU = Debug|Any CPU
		Debug|x86 = Debug|x86
		Debug5|Any CPU = Debug5|Any CPU
		Debug5|x86 = Debug5|x86
		Debug5H|Any CPU = Debug5H|Any CPU
		Debug5H|x86 = Debug5H|x86
		Debug64|Any CPU = Debug64|Any CPU
		Debug64|x86 = Debug64|x86
		Release|Any CPU = Release|Any CPU
		Release|x86 = Release|x86
	EndGlobalSection
	GlobalSection(ProjectConfigurationPlatforms) = postSolution
		{2A10A76B-558F-424D-965B-D2C84703CEE0}.Debug|Any CPU.ActiveCfg = Debug|x86
		{2A10A76B-558F-424D-965B-D2C84703CEE0}.Debug|Any CPU.Build.0 = Debug|x86
		{2A10A76B-558F-424D-965B-D2C84703CEE0}.Debug|x86.ActiveCfg = Debug|x86
		{2A10A76B-558F-424D-965B-D2C84703CEE0}.Debug|x86.Build.0 = Debug|x86
		{2A10A76B-558F-424D-965B-D2C84703CEE0}.Debug5|Any CPU.ActiveCfg = Release|x86
		{2A10A76B-558F-424D-965B-D2C84703CEE0}.Debug5|Any CPU.Build.0 = Release|x86
		{2A10A76B-558F-424D-965B-D2C84703CEE0}.Debug5|x86.ActiveCfg = Debug|x86
		{2A10A76B-558F-424D-965B-D2C84703CEE0}.Debug5|x86.Build.0 = Debug|x86
		{2A10A76B-558F-424D-965B-D2C84703CEE0}.Debug5H|Any CPU.ActiveCfg = Release|x86
		{2A10A76B-558F-424D-965B-D2C84703CEE0}.Debug5H|Any CPU.Build.0 = Release|x86
		{2A10A76B-558F-424D-965B-D2C84703CEE0}.Debug5H|x86.ActiveCfg = Debug|x86
		{2A10A76B-558F-424D-965B-D2C84703CEE0}.Debug5H|x86.Build.0 = Debug|x86
		{2A10A76B-558F-424D-965B-D2C84703CEE0}.Debug64|Any CPU.ActiveCfg = Release|x86
		{2A10A76B-558F-424D-965B-D2C84703CEE0}.Debug64|Any CPU.Build.0 = Release|x86
		{2A10A76B-558F-424D-965B-D2C84703CEE0}.Debug64|x86.ActiveCfg = Debug|x86
		{2A10A76B-558F-424D-965B-D2C84703CEE0}.Debug64|x86.Build.0 = Debug|x86
		{2A10A76B-558F-424D-965B-D2C84703CEE0}.Release|Any CPU.ActiveCfg = Release|x86
		{2A10A76B-558F-424D-965B-D2C84703CEE0}.Release|Any CPU.Build.0 = Release|x86
		{2A10A76B-558F-424D-965B-D2C84703CEE0}.Release|x86.ActiveCfg = Release|x86
		{2A10A76B-558F-424D-965B-D2C84703CEE0}.Release|x86.Build.0 = Release|x86
		{EEF33BC1-2E0D-44EC-87D7-8D5F21D7738A}.Debug|Any CPU.ActiveCfg = Debug|x86
		{EEF33BC1-2E0D-44EC-87D7-8D5F21D7738A}.Debug|Any CPU.Build.0 = Debug|x86
		{EEF33BC1-2E0D-44EC-87D7-8D5F21D7738A}.Debug|x86.ActiveCfg = Debug|x86
		{EEF33BC1-2E0D-44EC-87D7-8D5F21D7738A}.Debug|x86.Build.0 = Debug|x86
		{EEF33BC1-2E0D-44EC-87D7-8D5F21D7738A}.Debug5|Any CPU.ActiveCfg = Release|x86
		{EEF33BC1-2E0D-44EC-87D7-8D5F21D7738A}.Debug5|Any CPU.Build.0 = Release|x86
		{EEF33BC1-2E0D-44EC-87D7-8D5F21D7738A}.Debug5|x86.ActiveCfg = Debug|x86
		{EEF33BC1-2E0D-44EC-87D7-8D5F21D7738A}.Debug5|x86.Build.0 = Debug|x86
		{EEF33BC1-2E0D-44EC-87D7-8D5F21D7738A}.Debug5H|Any CPU.ActiveCfg = Release|x86
		{EEF33BC1-2E0D-44EC-87D7-8D5F21D7738A}.Debug5H|Any CPU.Build.0 = Release|x86
		{EEF33BC1-2E0D-44EC-87D7-8D5F21D7738A}.Debug5H|x86.ActiveCfg = Debug|x86
		{EEF33BC1-2E0D-44EC-87D7-8D5F21D7738A}.Debug5H|x86.Build.0 = Debug|x86
		{EEF33BC1-2E0D-44EC-87D7-8D5F21D7738A}.Debug64|Any CPU.ActiveCfg = Release|x86
		{EEF33BC1-2E0D-44EC-87D7-8D5F21D7738A}.Debug64|Any CPU.Build.0 = Release|x86
		{EEF33BC1-2E0D-44EC-87D7-8D5F21D7738A}.Debug64|x86.ActiveCfg = Debug|x86
		{EEF33BC1-2E0D-44EC-87D7-8D5F21D7738A}.Debug64|x86.Build.0 = Debug|x86
		{EEF33BC1-2E0D-44EC-87D7-8D5F21D7738A}.Release|Any CPU.ActiveCfg = Release|x86
		{EEF33BC1-2E0D-44EC-87D7-8D5F21D7738A}.Release|Any CPU.Build.0 = Release|x86
		{EEF33BC1-2E0D-44EC-87D7-8D5F21D7738A}.Release|x86.ActiveCfg = Release|x86
		{EEF33BC1-2E0D-44EC-87D7-8D5F21D7738A}.Release|x86.Build.0 = Release|x86
		{BD1D8B7C-53FD-4DD7-AED6-AB6519FFC862}.Debug|Any CPU.ActiveCfg = Debug64|Any CPU
		{BD1D8B7C-53FD-4DD7-AED6-AB6519FFC862}.Debug|Any CPU.Build.0 = Debug64|Any CPU
		{BD1D8B7C-53FD-4DD7-AED6-AB6519FFC862}.Debug|x86.ActiveCfg = Debug64|Any CPU
		{BD1D8B7C-53FD-4DD7-AED6-AB6519FFC862}.Debug|x86.Build.0 = Debug64|Any CPU
		{BD1D8B7C-53FD-4DD7-AED6-AB6519FFC862}.Debug5|Any CPU.ActiveCfg = Debug64|Any CPU
		{BD1D8B7C-53FD-4DD7-AED6-AB6519FFC862}.Debug5|Any CPU.Build.0 = Debug64|Any CPU
		{BD1D8B7C-53FD-4DD7-AED6-AB6519FFC862}.Debug5|x86.ActiveCfg = Debug64|Any CPU
		{BD1D8B7C-53FD-4DD7-AED6-AB6519FFC862}.Debug5|x86.Build.0 = Debug64|Any CPU
		{BD1D8B7C-53FD-4DD7-AED6-AB6519FFC862}.Debug5H|Any CPU.ActiveCfg = Debug64|Any CPU
		{BD1D8B7C-53FD-4DD7-AED6-AB6519FFC862}.Debug5H|Any CPU.Build.0 = Debug64|Any CPU
		{BD1D8B7C-53FD-4DD7-AED6-AB6519FFC862}.Debug5H|x86.ActiveCfg = Debug64|Any CPU
		{BD1D8B7C-53FD-4DD7-AED6-AB6519FFC862}.Debug5H|x86.Build.0 = Debug64|Any CPU
		{BD1D8B7C-53FD-4DD7-AED6-AB6519FFC862}.Debug64|Any CPU.ActiveCfg = Debug64|Any CPU
		{BD1D8B7C-53FD-4DD7-AED6-AB6519FFC862}.Debug64|Any CPU.Build.0 = Debug64|Any CPU
		{BD1D8B7C-53FD-4DD7-AED6-AB6519FFC862}.Debug64|x86.ActiveCfg = Debug64|Any CPU
		{BD1D8B7C-53FD-4DD7-AED6-AB6519FFC862}.Debug64|x86.Build.0 = Debug64|Any CPU
		{BD1D8B7C-53FD-4DD7-AED6-AB6519FFC862}.Release|Any CPU.ActiveCfg = Release|Any CPU
		{BD1D8B7C-53FD-4DD7-AED6-AB6519FFC862}.Release|Any CPU.Build.0 = Release|Any CPU
		{BD1D8B7C-53FD-4DD7-AED6-AB6519FFC862}.Release|x86.ActiveCfg = Release|Any CPU
		{BD1D8B7C-53FD-4DD7-AED6-AB6519FFC862}.Release|x86.Build.0 = Release|Any CPU
		{930C7EDA-1D1B-410C-BF19-6FC5EC4CACB2}.Debug|Any CPU.ActiveCfg = Debug64|Any CPU
		{930C7EDA-1D1B-410C-BF19-6FC5EC4CACB2}.Debug|Any CPU.Build.0 = Debug64|Any CPU
		{930C7EDA-1D1B-410C-BF19-6FC5EC4CACB2}.Debug|x86.ActiveCfg = Debug64|Any CPU
		{930C7EDA-1D1B-410C-BF19-6FC5EC4CACB2}.Debug|x86.Build.0 = Debug64|Any CPU
		{930C7EDA-1D1B-410C-BF19-6FC5EC4CACB2}.Debug5|Any CPU.ActiveCfg = Debug64|Any CPU
		{930C7EDA-1D1B-410C-BF19-6FC5EC4CACB2}.Debug5|Any CPU.Build.0 = Debug64|Any CPU
		{930C7EDA-1D1B-410C-BF19-6FC5EC4CACB2}.Debug5|x86.ActiveCfg = Debug64|Any CPU
		{930C7EDA-1D1B-410C-BF19-6FC5EC4CACB2}.Debug5|x86.Build.0 = Debug64|Any CPU
		{930C7EDA-1D1B-410C-BF19-6FC5EC4CACB2}.Debug5H|Any CPU.ActiveCfg = Debug64|Any CPU
		{930C7EDA-1D1B-410C-BF19-6FC5EC4CACB2}.Debug5H|Any CPU.Build.0 = Debug64|Any CPU
		{930C7EDA-1D1B-410C-BF19-6FC5EC4CACB2}.Debug5H|x86.ActiveCfg = Debug64|Any CPU
		{930C7EDA-1D1B-410C-BF19-6FC5EC4CACB2}.Debug5H|x86.Build.0 = Debug64|Any CPU
		{930C7EDA-1D1B-410C-BF19-6FC5EC4CACB2}.Debug64|Any CPU.ActiveCfg = Debug64|Any CPU
		{930C7EDA-1D1B-410C-BF19-6FC5EC4CACB2}.Debug64|Any CPU.Build.0 = Debug64|Any CPU
		{930C7EDA-1D1B-410C-BF19-6FC5EC4CACB2}.Debug64|x86.ActiveCfg = Debug64|Any CPU
		{930C7EDA-1D1B-410C-BF19-6FC5EC4CACB2}.Debug64|x86.Build.0 = Debug64|Any CPU
		{930C7EDA-1D1B-410C-BF19-6FC5EC4CACB2}.Release|Any CPU.ActiveCfg = Release|Any CPU
		{930C7EDA-1D1B-410C-BF19-6FC5EC4CACB2}.Release|Any CPU.Build.0 = Release|Any CPU
		{930C7EDA-1D1B-410C-BF19-6FC5EC4CACB2}.Release|x86.ActiveCfg = Release|Any CPU
		{930C7EDA-1D1B-410C-BF19-6FC5EC4CACB2}.Release|x86.Build.0 = Release|Any CPU
		{98853A97-4086-4BB0-9C04-2CA271F03DB6}.Debug|Any CPU.ActiveCfg = Debug|x86
		{98853A97-4086-4BB0-9C04-2CA271F03DB6}.Debug|Any CPU.Build.0 = Debug|x86
		{98853A97-4086-4BB0-9C04-2CA271F03DB6}.Debug|x86.ActiveCfg = Debug|x86
		{98853A97-4086-4BB0-9C04-2CA271F03DB6}.Debug|x86.Build.0 = Debug|x86
		{98853A97-4086-4BB0-9C04-2CA271F03DB6}.Debug5|Any CPU.ActiveCfg = Release|x86
		{98853A97-4086-4BB0-9C04-2CA271F03DB6}.Debug5|Any CPU.Build.0 = Release|x86
		{98853A97-4086-4BB0-9C04-2CA271F03DB6}.Debug5|x86.ActiveCfg = Debug|x86
		{98853A97-4086-4BB0-9C04-2CA271F03DB6}.Debug5|x86.Build.0 = Debug|x86
		{98853A97-4086-4BB0-9C04-2CA271F03DB6}.Debug5H|Any CPU.ActiveCfg = Release|x86
		{98853A97-4086-4BB0-9C04-2CA271F03DB6}.Debug5H|Any CPU.Build.0 = Release|x86
		{98853A97-4086-4BB0-9C04-2CA271F03DB6}.Debug5H|x86.ActiveCfg = Debug|x86
		{98853A97-4086-4BB0-9C04-2CA271F03DB6}.Debug5H|x86.Build.0 = Debug|x86
		{98853A97-4086-4BB0-9C04-2CA271F03DB6}.Debug64|Any CPU.ActiveCfg = Release|x86
		{98853A97-4086-4BB0-9C04-2CA271F03DB6}.Debug64|Any CPU.Build.0 = Release|x86
		{98853A97-4086-4BB0-9C04-2CA271F03DB6}.Debug64|x86.ActiveCfg = Debug|x86
		{98853A97-4086-4BB0-9C04-2CA271F03DB6}.Debug64|x86.Build.0 = Debug|x86
		{98853A97-4086-4BB0-9C04-2CA271F03DB6}.Release|Any CPU.ActiveCfg = Release|x86
		{98853A97-4086-4BB0-9C04-2CA271F03DB6}.Release|Any CPU.Build.0 = Release|x86
		{98853A97-4086-4BB0-9C04-2CA271F03DB6}.Release|x86.ActiveCfg = Release|x86
		{98853A97-4086-4BB0-9C04-2CA271F03DB6}.Release|x86.Build.0 = Release|x86
		{8929276D-F93F-4243-831E-EAC6070ED705}.Debug|Any CPU.ActiveCfg = Debug|Any CPU
		{8929276D-F93F-4243-831E-EAC6070ED705}.Debug|Any CPU.Build.0 = Debug|Any CPU
		{8929276D-F93F-4243-831E-EAC6070ED705}.Debug|x86.ActiveCfg = Debug|Any CPU
		{8929276D-F93F-4243-831E-EAC6070ED705}.Debug|x86.Build.0 = Debug|Any CPU
		{8929276D-F93F-4243-831E-EAC6070ED705}.Debug5|Any CPU.ActiveCfg = Debug|Any CPU
		{8929276D-F93F-4243-831E-EAC6070ED705}.Debug5|Any CPU.Build.0 = Debug|Any CPU
		{8929276D-F93F-4243-831E-EAC6070ED705}.Debug5|x86.ActiveCfg = Debug|Any CPU
		{8929276D-F93F-4243-831E-EAC6070ED705}.Debug5|x86.Build.0 = Debug|Any CPU
		{8929276D-F93F-4243-831E-EAC6070ED705}.Debug5H|Any CPU.ActiveCfg = Debug|Any CPU
		{8929276D-F93F-4243-831E-EAC6070ED705}.Debug5H|Any CPU.Build.0 = Debug|Any CPU
		{8929276D-F93F-4243-831E-EAC6070ED705}.Debug5H|x86.ActiveCfg = Debug|Any CPU
		{8929276D-F93F-4243-831E-EAC6070ED705}.Debug5H|x86.Build.0 = Debug|Any CPU
		{8929276D-F93F-4243-831E-EAC6070ED705}.Debug64|Any CPU.ActiveCfg = Debug|Any CPU
		{8929276D-F93F-4243-831E-EAC6070ED705}.Debug64|Any CPU.Build.0 = Debug|Any CPU
		{8929276D-F93F-4243-831E-EAC6070ED705}.Debug64|x86.ActiveCfg = Debug|Any CPU
		{8929276D-F93F-4243-831E-EAC6070ED705}.Debug64|x86.Build.0 = Debug|Any CPU
		{8929276D-F93F-4243-831E-EAC6070ED705}.Release|Any CPU.ActiveCfg = Release|Any CPU
		{8929276D-F93F-4243-831E-EAC6070ED705}.Release|Any CPU.Build.0 = Release|Any CPU
		{8929276D-F93F-4243-831E-EAC6070ED705}.Release|x86.ActiveCfg = Release|Any CPU
		{8929276D-F93F-4243-831E-EAC6070ED705}.Release|x86.Build.0 = Release|Any CPU
		{D8D748D7-AEDF-4C88-9AA9-95498FCF87B8}.Debug|Any CPU.ActiveCfg = Debug|Any CPU
		{D8D748D7-AEDF-4C88-9AA9-95498FCF87B8}.Debug|Any CPU.Build.0 = Debug|Any CPU
		{D8D748D7-AEDF-4C88-9AA9-95498FCF87B8}.Debug|x86.ActiveCfg = Debug|Any CPU
		{D8D748D7-AEDF-4C88-9AA9-95498FCF87B8}.Debug|x86.Build.0 = Debug|Any CPU
		{D8D748D7-AEDF-4C88-9AA9-95498FCF87B8}.Debug5|Any CPU.ActiveCfg = Debug|Any CPU
		{D8D748D7-AEDF-4C88-9AA9-95498FCF87B8}.Debug5|Any CPU.Build.0 = Debug|Any CPU
		{D8D748D7-AEDF-4C88-9AA9-95498FCF87B8}.Debug5|x86.ActiveCfg = Debug|Any CPU
		{D8D748D7-AEDF-4C88-9AA9-95498FCF87B8}.Debug5|x86.Build.0 = Debug|Any CPU
		{D8D748D7-AEDF-4C88-9AA9-95498FCF87B8}.Debug5H|Any CPU.ActiveCfg = Debug|Any CPU
		{D8D748D7-AEDF-4C88-9AA9-95498FCF87B8}.Debug5H|Any CPU.Build.0 = Debug|Any CPU
		{D8D748D7-AEDF-4C88-9AA9-95498FCF87B8}.Debug5H|x86.ActiveCfg = Debug|Any CPU
		{D8D748D7-AEDF-4C88-9AA9-95498FCF87B8}.Debug5H|x86.Build.0 = Debug|Any CPU
		{D8D748D7-AEDF-4C88-9AA9-95498FCF87B8}.Debug64|Any CPU.ActiveCfg = Debug|Any CPU
		{D8D748D7-AEDF-4C88-9AA9-95498FCF87B8}.Debug64|Any CPU.Build.0 = Debug|Any CPU
		{D8D748D7-AEDF-4C88-9AA9-95498FCF87B8}.Debug64|x86.ActiveCfg = Debug|Any CPU
		{D8D748D7-AEDF-4C88-9AA9-95498FCF87B8}.Debug64|x86.Build.0 = Debug|Any CPU
		{D8D748D7-AEDF-4C88-9AA9-95498FCF87B8}.Release|Any CPU.ActiveCfg = Release|Any CPU
		{D8D748D7-AEDF-4C88-9AA9-95498FCF87B8}.Release|Any CPU.Build.0 = Release|Any CPU
		{D8D748D7-AEDF-4C88-9AA9-95498FCF87B8}.Release|x86.ActiveCfg = Release|Any CPU
		{D8D748D7-AEDF-4C88-9AA9-95498FCF87B8}.Release|x86.Build.0 = Release|Any CPU
		{EBE561F5-8040-4C96-83CD-898C2AE5F70D}.Debug|Any CPU.ActiveCfg = Debug|x86
		{EBE561F5-8040-4C96-83CD-898C2AE5F70D}.Debug|Any CPU.Build.0 = Debug|x86
		{EBE561F5-8040-4C96-83CD-898C2AE5F70D}.Debug|x86.ActiveCfg = Debug|x86
		{EBE561F5-8040-4C96-83CD-898C2AE5F70D}.Debug|x86.Build.0 = Debug|x86
		{EBE561F5-8040-4C96-83CD-898C2AE5F70D}.Debug5|Any CPU.ActiveCfg = Release|x86
		{EBE561F5-8040-4C96-83CD-898C2AE5F70D}.Debug5|Any CPU.Build.0 = Release|x86
		{EBE561F5-8040-4C96-83CD-898C2AE5F70D}.Debug5|x86.ActiveCfg = Debug|x86
		{EBE561F5-8040-4C96-83CD-898C2AE5F70D}.Debug5|x86.Build.0 = Debug|x86
		{EBE561F5-8040-4C96-83CD-898C2AE5F70D}.Debug5H|Any CPU.ActiveCfg = Release|x86
		{EBE561F5-8040-4C96-83CD-898C2AE5F70D}.Debug5H|Any CPU.Build.0 = Release|x86
		{EBE561F5-8040-4C96-83CD-898C2AE5F70D}.Debug5H|x86.ActiveCfg = Debug|x86
		{EBE561F5-8040-4C96-83CD-898C2AE5F70D}.Debug5H|x86.Build.0 = Debug|x86
		{EBE561F5-8040-4C96-83CD-898C2AE5F70D}.Debug64|Any CPU.ActiveCfg = Release|x86
		{EBE561F5-8040-4C96-83CD-898C2AE5F70D}.Debug64|Any CPU.Build.0 = Release|x86
		{EBE561F5-8040-4C96-83CD-898C2AE5F70D}.Debug64|x86.ActiveCfg = Debug|x86
		{EBE561F5-8040-4C96-83CD-898C2AE5F70D}.Debug64|x86.Build.0 = Debug|x86
		{EBE561F5-8040-4C96-83CD-898C2AE5F70D}.Release|Any CPU.ActiveCfg = Release|x86
		{EBE561F5-8040-4C96-83CD-898C2AE5F70D}.Release|Any CPU.Build.0 = Release|x86
		{EBE561F5-8040-4C96-83CD-898C2AE5F70D}.Release|x86.ActiveCfg = Release|x86
		{EBE561F5-8040-4C96-83CD-898C2AE5F70D}.Release|x86.Build.0 = Release|x86
		{5F81CE7F-4D23-408A-AA9E-B51F4FA29BED}.Debug|Any CPU.ActiveCfg = Debug|Any CPU
		{5F81CE7F-4D23-408A-AA9E-B51F4FA29BED}.Debug|Any CPU.Build.0 = Debug|Any CPU
		{5F81CE7F-4D23-408A-AA9E-B51F4FA29BED}.Debug|x86.ActiveCfg = Debug|Any CPU
		{5F81CE7F-4D23-408A-AA9E-B51F4FA29BED}.Debug|x86.Build.0 = Debug|Any CPU
		{5F81CE7F-4D23-408A-AA9E-B51F4FA29BED}.Debug5|Any CPU.ActiveCfg = Debug|Any CPU
		{5F81CE7F-4D23-408A-AA9E-B51F4FA29BED}.Debug5|Any CPU.Build.0 = Debug|Any CPU
		{5F81CE7F-4D23-408A-AA9E-B51F4FA29BED}.Debug5|x86.ActiveCfg = Debug|Any CPU
		{5F81CE7F-4D23-408A-AA9E-B51F4FA29BED}.Debug5|x86.Build.0 = Debug|Any CPU
		{5F81CE7F-4D23-408A-AA9E-B51F4FA29BED}.Debug5H|Any CPU.ActiveCfg = Debug|Any CPU
		{5F81CE7F-4D23-408A-AA9E-B51F4FA29BED}.Debug5H|Any CPU.Build.0 = Debug|Any CPU
		{5F81CE7F-4D23-408A-AA9E-B51F4FA29BED}.Debug5H|x86.ActiveCfg = Debug|Any CPU
		{5F81CE7F-4D23-408A-AA9E-B51F4FA29BED}.Debug5H|x86.Build.0 = Debug|Any CPU
		{5F81CE7F-4D23-408A-AA9E-B51F4FA29BED}.Debug64|Any CPU.ActiveCfg = Debug|Any CPU
		{5F81CE7F-4D23-408A-AA9E-B51F4FA29BED}.Debug64|Any CPU.Build.0 = Debug|Any CPU
		{5F81CE7F-4D23-408A-AA9E-B51F4FA29BED}.Debug64|x86.ActiveCfg = Debug|Any CPU
		{5F81CE7F-4D23-408A-AA9E-B51F4FA29BED}.Debug64|x86.Build.0 = Debug|Any CPU
		{5F81CE7F-4D23-408A-AA9E-B51F4FA29BED}.Release|Any CPU.ActiveCfg = Release|Any CPU
		{5F81CE7F-4D23-408A-AA9E-B51F4FA29BED}.Release|Any CPU.Build.0 = Release|Any CPU
		{5F81CE7F-4D23-408A-AA9E-B51F4FA29BED}.Release|x86.ActiveCfg = Release|Any CPU
		{5F81CE7F-4D23-408A-AA9E-B51F4FA29BED}.Release|x86.Build.0 = Release|Any CPU
		{087A7734-F41B-4595-897A-A6E65E2C554E}.Debug|Any CPU.ActiveCfg = Debug|Any CPU
		{087A7734-F41B-4595-897A-A6E65E2C554E}.Debug|Any CPU.Build.0 = Debug|Any CPU
		{087A7734-F41B-4595-897A-A6E65E2C554E}.Debug|x86.ActiveCfg = Debug|Any CPU
		{087A7734-F41B-4595-897A-A6E65E2C554E}.Debug|x86.Build.0 = Debug|Any CPU
		{087A7734-F41B-4595-897A-A6E65E2C554E}.Debug5|Any CPU.ActiveCfg = Debug|Any CPU
		{087A7734-F41B-4595-897A-A6E65E2C554E}.Debug5|Any CPU.Build.0 = Debug|Any CPU
		{087A7734-F41B-4595-897A-A6E65E2C554E}.Debug5|x86.ActiveCfg = Debug|Any CPU
		{087A7734-F41B-4595-897A-A6E65E2C554E}.Debug5|x86.Build.0 = Debug|Any CPU
		{087A7734-F41B-4595-897A-A6E65E2C554E}.Debug5H|Any CPU.ActiveCfg = Debug|Any CPU
		{087A7734-F41B-4595-897A-A6E65E2C554E}.Debug5H|Any CPU.Build.0 = Debug|Any CPU
		{087A7734-F41B-4595-897A-A6E65E2C554E}.Debug5H|x86.ActiveCfg = Debug|Any CPU
		{087A7734-F41B-4595-897A-A6E65E2C554E}.Debug5H|x86.Build.0 = Debug|Any CPU
		{087A7734-F41B-4595-897A-A6E65E2C554E}.Debug64|Any CPU.ActiveCfg = Debug|Any CPU
		{087A7734-F41B-4595-897A-A6E65E2C554E}.Debug64|Any CPU.Build.0 = Debug|Any CPU
		{087A7734-F41B-4595-897A-A6E65E2C554E}.Debug64|x86.ActiveCfg = Debug|Any CPU
		{087A7734-F41B-4595-897A-A6E65E2C554E}.Debug64|x86.Build.0 = Debug|Any CPU
		{087A7734-F41B-4595-897A-A6E65E2C554E}.Release|Any CPU.ActiveCfg = Release|Any CPU
		{087A7734-F41B-4595-897A-A6E65E2C554E}.Release|Any CPU.Build.0 = Release|Any CPU
		{087A7734-F41B-4595-897A-A6E65E2C554E}.Release|x86.ActiveCfg = Release|Any CPU
		{087A7734-F41B-4595-897A-A6E65E2C554E}.Release|x86.Build.0 = Release|Any CPU
	EndGlobalSection
	GlobalSection(SolutionProperties) = preSolution
		HideSolutionNode = FALSE
	EndGlobalSection
	GlobalSection(NestedProjects) = preSolution
		{2A10A76B-558F-424D-965B-D2C84703CEE0} = {881BF256-EE95-4A8F-A464-0BE6B5A2EBA7}
		{EEF33BC1-2E0D-44EC-87D7-8D5F21D7738A} = {881BF256-EE95-4A8F-A464-0BE6B5A2EBA7}
		{930C7EDA-1D1B-410C-BF19-6FC5EC4CACB2} = {24EF740C-D3FA-417A-BD27-1FC0ECDDFA9C}
		{98853A97-4086-4BB0-9C04-2CA271F03DB6} = {881BF256-EE95-4A8F-A464-0BE6B5A2EBA7}
		{8929276D-F93F-4243-831E-EAC6070ED705} = {24EF740C-D3FA-417A-BD27-1FC0ECDDFA9C}
		{D8D748D7-AEDF-4C88-9AA9-95498FCF87B8} = {24EF740C-D3FA-417A-BD27-1FC0ECDDFA9C}
		{EBE561F5-8040-4C96-83CD-898C2AE5F70D} = {881BF256-EE95-4A8F-A464-0BE6B5A2EBA7}
		{087A7734-F41B-4595-897A-A6E65E2C554E} = {DE15F97C-B48D-4280-BC7B-5789B7C0720B}
	EndGlobalSection
EndGlobal
