
Microsoft Visual Studio Solution File, Format Version 12.00
# Visual Studio 15
VisualStudioVersion = 15.0.27130.2036
MinimumVisualStudioVersion = 10.0.40219.1
Project("{2150E333-8FDC-42A3-9474-1A3956D46DE8}") = "Solution Items", "Solution Items", "{6C1E6AED-944B-487E-94E4-19067CCDF9CE}"
	ProjectSection(SolutionItems) = preProject
		AssemblyInfoCommon.cs = AssemblyInfoCommon.cs
	EndProjectSection
EndProject
Project("{2150E333-8FDC-42A3-9474-1A3956D46DE8}") = "DistrictEnergyPlugInInstaller", "DistrictEnergyPlugInInstaller", "{881BF256-EE95-4A8F-A464-0BE6B5A2EBA7}"
EndProject
Project("{2150E333-8FDC-42A3-9474-1A3956D46DE8}") = "Docs", "Docs", "{DE15F97C-B48D-4280-BC7B-5789B7C0720B}"
EndProject
Project("{2150E333-8FDC-42A3-9474-1A3956D46DE8}") = "Dependencies", "Dependencies", "{24EF740C-D3FA-417A-BD27-1FC0ECDDFA9C}"
EndProject
Project("{2150E333-8FDC-42A3-9474-1A3956D46DE8}") = "MergeModules", "MergeModules", "{ABB2541D-60B9-4DC3-AAEC-22E2D3151247}"
EndProject
Project("{930C7802-8A8C-48F9-8165-68863BCCD9DD}") = "DistrictPlugInInstaller", "SetupProject\DistrictPlugInInstaller.wixproj", "{2A10A76B-558F-424D-965B-D2C84703CEE0}"
EndProject
Project("{930C7802-8A8C-48F9-8165-68863BCCD9DD}") = "DistrictEnergyMM", "MergeModule\DistrictEnergyMM.wixproj", "{EEF33BC1-2E0D-44EC-87D7-8D5F21D7738A}"
EndProject
Project("{FAE04EC0-301F-11D3-BF4B-00C04F79EFBC}") = "DistrictEnergy", "DistrictEnergy\DistrictEnergy.csproj", "{BD1D8B7C-53FD-4DD7-AED6-AB6519FFC862}"
EndProject
Project("{930C7802-8A8C-48F9-8165-68863BCCD9DD}") = "ExportLoadsToFileMM", "ExportLoadsToFileMM\ExportLoadsToFileMM.wixproj", "{98853A97-4086-4BB0-9C04-2CA271F03DB6}"
EndProject
Project("{FAE04EC0-301F-11D3-BF4B-00C04F79EFBC}") = "EnergyPlusWeather", "..\EnergyPlusWeatherPull-master\EnergyPlusWeather\EnergyPlusWeather.csproj", "{D8D748D7-AEDF-4C88-9AA9-95498FCF87B8}"
EndProject
Project("{930C7802-8A8C-48F9-8165-68863BCCD9DD}") = "TempFilesMM", "TempFilesMM\TempFilesMM.wixproj", "{EBE561F5-8040-4C96-83CD-898C2AE5F70D}"
EndProject
Project("{7CF6DF6D-3B04-46F8-A40B-537D21BCA0B4}") = "DistricEnergyPlugInDocs", "DistricEnergyPlugInDocs\DistricEnergyPlugInDocs.shfbproj", "{087A7734-F41B-4595-897A-A6E65E2C554E}"
	ProjectSection(ProjectDependencies) = postProject
		{897ECA20-9485-475E-8E35-6C681B70A582} = {897ECA20-9485-475E-8E35-6C681B70A582}
		{BD1D8B7C-53FD-4DD7-AED6-AB6519FFC862} = {BD1D8B7C-53FD-4DD7-AED6-AB6519FFC862}
		{4BD0987C-02DD-40F9-ABA9-D93190F32D17} = {4BD0987C-02DD-40F9-ABA9-D93190F32D17}
		{D8D748D7-AEDF-4C88-9AA9-95498FCF87B8} = {D8D748D7-AEDF-4C88-9AA9-95498FCF87B8}
	EndProjectSection
EndProject
Project("{888888A0-9F3D-457C-B088-3A5042F75D52}") = "DEenginePython", "DEenginePython\DEenginePython.pyproj", "{A106E382-7E8A-4B55-8F3C-6224CC6FC951}"
EndProject
Project("{FAE04EC0-301F-11D3-BF4B-00C04F79EFBC}") = "ExportLoadsToFile", "ExportLoadsToFile\ExportLoadsToFile.csproj", "{897ECA20-9485-475E-8E35-6C681B70A582}"
	ProjectSection(ProjectDependencies) = postProject
		{D8D748D7-AEDF-4C88-9AA9-95498FCF87B8} = {D8D748D7-AEDF-4C88-9AA9-95498FCF87B8}
	EndProjectSection
EndProject
Project("{FAE04EC0-301F-11D3-BF4B-00C04F79EFBC}") = "NetworkDraw", "NetworkDraw\NetworkDraw.csproj", "{4BD0987C-02DD-40F9-ABA9-D93190F32D17}"
EndProject
Global
	GlobalSection(SolutionConfigurationPlatforms) = preSolution
		Debug|Any CPU = Debug|Any CPU
		Debug|x64 = Debug|x64
		Debug|x86 = Debug|x86
		Release|Any CPU = Release|Any CPU
		Release|x64 = Release|x64
		Release|x86 = Release|x86
	EndGlobalSection
	GlobalSection(ProjectConfigurationPlatforms) = postSolution
		{2A10A76B-558F-424D-965B-D2C84703CEE0}.Debug|Any CPU.ActiveCfg = Debug|x86
		{2A10A76B-558F-424D-965B-D2C84703CEE0}.Debug|x64.ActiveCfg = Debug|x86
		{2A10A76B-558F-424D-965B-D2C84703CEE0}.Debug|x86.ActiveCfg = Debug|x86
		{2A10A76B-558F-424D-965B-D2C84703CEE0}.Debug|x86.Build.0 = Debug|x86
		{2A10A76B-558F-424D-965B-D2C84703CEE0}.Release|Any CPU.ActiveCfg = Release|x86
		{2A10A76B-558F-424D-965B-D2C84703CEE0}.Release|Any CPU.Build.0 = Release|x86
		{2A10A76B-558F-424D-965B-D2C84703CEE0}.Release|x64.ActiveCfg = Release|x86
		{2A10A76B-558F-424D-965B-D2C84703CEE0}.Release|x86.ActiveCfg = Release|x86
		{2A10A76B-558F-424D-965B-D2C84703CEE0}.Release|x86.Build.0 = Release|x86
		{EEF33BC1-2E0D-44EC-87D7-8D5F21D7738A}.Debug|Any CPU.ActiveCfg = Debug|x86
		{EEF33BC1-2E0D-44EC-87D7-8D5F21D7738A}.Debug|x64.ActiveCfg = Debug|x86
		{EEF33BC1-2E0D-44EC-87D7-8D5F21D7738A}.Debug|x86.ActiveCfg = Debug|x86
		{EEF33BC1-2E0D-44EC-87D7-8D5F21D7738A}.Debug|x86.Build.0 = Debug|x86
		{EEF33BC1-2E0D-44EC-87D7-8D5F21D7738A}.Release|Any CPU.ActiveCfg = Release|x86
		{EEF33BC1-2E0D-44EC-87D7-8D5F21D7738A}.Release|Any CPU.Build.0 = Release|x86
		{EEF33BC1-2E0D-44EC-87D7-8D5F21D7738A}.Release|x64.ActiveCfg = Release|x86
		{EEF33BC1-2E0D-44EC-87D7-8D5F21D7738A}.Release|x86.ActiveCfg = Release|x86
		{EEF33BC1-2E0D-44EC-87D7-8D5F21D7738A}.Release|x86.Build.0 = Release|x86
		{BD1D8B7C-53FD-4DD7-AED6-AB6519FFC862}.Debug|Any CPU.ActiveCfg = Debug|Any CPU
		{BD1D8B7C-53FD-4DD7-AED6-AB6519FFC862}.Debug|Any CPU.Build.0 = Debug|Any CPU
		{BD1D8B7C-53FD-4DD7-AED6-AB6519FFC862}.Debug|x64.ActiveCfg = Debug|Any CPU
		{BD1D8B7C-53FD-4DD7-AED6-AB6519FFC862}.Debug|x64.Build.0 = Debug|Any CPU
		{BD1D8B7C-53FD-4DD7-AED6-AB6519FFC862}.Debug|x86.ActiveCfg = Debug|Any CPU
		{BD1D8B7C-53FD-4DD7-AED6-AB6519FFC862}.Debug|x86.Build.0 = Debug|Any CPU
		{BD1D8B7C-53FD-4DD7-AED6-AB6519FFC862}.Release|Any CPU.ActiveCfg = Release|Any CPU
		{BD1D8B7C-53FD-4DD7-AED6-AB6519FFC862}.Release|Any CPU.Build.0 = Release|Any CPU
		{BD1D8B7C-53FD-4DD7-AED6-AB6519FFC862}.Release|x64.ActiveCfg = Release|Any CPU
		{BD1D8B7C-53FD-4DD7-AED6-AB6519FFC862}.Release|x64.Build.0 = Release|Any CPU
		{BD1D8B7C-53FD-4DD7-AED6-AB6519FFC862}.Release|x86.ActiveCfg = Release|Any CPU
		{BD1D8B7C-53FD-4DD7-AED6-AB6519FFC862}.Release|x86.Build.0 = Release|Any CPU
		{98853A97-4086-4BB0-9C04-2CA271F03DB6}.Debug|Any CPU.ActiveCfg = Debug|x86
		{98853A97-4086-4BB0-9C04-2CA271F03DB6}.Debug|x64.ActiveCfg = Debug|x86
		{98853A97-4086-4BB0-9C04-2CA271F03DB6}.Debug|x86.ActiveCfg = Debug|x86
		{98853A97-4086-4BB0-9C04-2CA271F03DB6}.Debug|x86.Build.0 = Debug|x86
		{98853A97-4086-4BB0-9C04-2CA271F03DB6}.Release|Any CPU.ActiveCfg = Release|x86
		{98853A97-4086-4BB0-9C04-2CA271F03DB6}.Release|Any CPU.Build.0 = Release|x86
		{98853A97-4086-4BB0-9C04-2CA271F03DB6}.Release|x64.ActiveCfg = Release|x86
		{98853A97-4086-4BB0-9C04-2CA271F03DB6}.Release|x86.ActiveCfg = Release|x86
		{98853A97-4086-4BB0-9C04-2CA271F03DB6}.Release|x86.Build.0 = Release|x86
		{D8D748D7-AEDF-4C88-9AA9-95498FCF87B8}.Debug|Any CPU.ActiveCfg = Debug|Any CPU
		{D8D748D7-AEDF-4C88-9AA9-95498FCF87B8}.Debug|x64.ActiveCfg = Debug|Any CPU
		{D8D748D7-AEDF-4C88-9AA9-95498FCF87B8}.Debug|x64.Build.0 = Debug|Any CPU
		{D8D748D7-AEDF-4C88-9AA9-95498FCF87B8}.Debug|x86.ActiveCfg = Debug|Any CPU
		{D8D748D7-AEDF-4C88-9AA9-95498FCF87B8}.Debug|x86.Build.0 = Debug|Any CPU
		{D8D748D7-AEDF-4C88-9AA9-95498FCF87B8}.Release|Any CPU.ActiveCfg = Release|Any CPU
		{D8D748D7-AEDF-4C88-9AA9-95498FCF87B8}.Release|Any CPU.Build.0 = Release|Any CPU
		{D8D748D7-AEDF-4C88-9AA9-95498FCF87B8}.Release|x64.ActiveCfg = Release|Any CPU
		{D8D748D7-AEDF-4C88-9AA9-95498FCF87B8}.Release|x64.Build.0 = Release|Any CPU
		{D8D748D7-AEDF-4C88-9AA9-95498FCF87B8}.Release|x86.ActiveCfg = Release|Any CPU
		{D8D748D7-AEDF-4C88-9AA9-95498FCF87B8}.Release|x86.Build.0 = Release|Any CPU
		{EBE561F5-8040-4C96-83CD-898C2AE5F70D}.Debug|Any CPU.ActiveCfg = Debug|x86
		{EBE561F5-8040-4C96-83CD-898C2AE5F70D}.Debug|x64.ActiveCfg = Debug|x86
		{EBE561F5-8040-4C96-83CD-898C2AE5F70D}.Debug|x86.ActiveCfg = Debug|x86
		{EBE561F5-8040-4C96-83CD-898C2AE5F70D}.Debug|x86.Build.0 = Debug|x86
		{EBE561F5-8040-4C96-83CD-898C2AE5F70D}.Release|Any CPU.ActiveCfg = Release|x86
		{EBE561F5-8040-4C96-83CD-898C2AE5F70D}.Release|Any CPU.Build.0 = Release|x86
		{EBE561F5-8040-4C96-83CD-898C2AE5F70D}.Release|x64.ActiveCfg = Release|x86
		{EBE561F5-8040-4C96-83CD-898C2AE5F70D}.Release|x86.ActiveCfg = Release|x86
		{EBE561F5-8040-4C96-83CD-898C2AE5F70D}.Release|x86.Build.0 = Release|x86
		{087A7734-F41B-4595-897A-A6E65E2C554E}.Debug|Any CPU.ActiveCfg = Debug|Any CPU
		{087A7734-F41B-4595-897A-A6E65E2C554E}.Debug|x64.ActiveCfg = Debug|Any CPU
		{087A7734-F41B-4595-897A-A6E65E2C554E}.Debug|x64.Build.0 = Debug|Any CPU
		{087A7734-F41B-4595-897A-A6E65E2C554E}.Debug|x86.ActiveCfg = Debug|Any CPU
		{087A7734-F41B-4595-897A-A6E65E2C554E}.Debug|x86.Build.0 = Debug|Any CPU
		{087A7734-F41B-4595-897A-A6E65E2C554E}.Release|Any CPU.ActiveCfg = Release|Any CPU
		{087A7734-F41B-4595-897A-A6E65E2C554E}.Release|Any CPU.Build.0 = Release|Any CPU
		{087A7734-F41B-4595-897A-A6E65E2C554E}.Release|x64.ActiveCfg = Release|Any CPU
		{087A7734-F41B-4595-897A-A6E65E2C554E}.Release|x64.Build.0 = Release|Any CPU
		{087A7734-F41B-4595-897A-A6E65E2C554E}.Release|x86.ActiveCfg = Release|Any CPU
		{087A7734-F41B-4595-897A-A6E65E2C554E}.Release|x86.Build.0 = Release|Any CPU
		{A106E382-7E8A-4B55-8F3C-6224CC6FC951}.Debug|Any CPU.ActiveCfg = Debug|Any CPU
		{A106E382-7E8A-4B55-8F3C-6224CC6FC951}.Debug|x64.ActiveCfg = Debug|Any CPU
		{A106E382-7E8A-4B55-8F3C-6224CC6FC951}.Debug|x86.ActiveCfg = Debug|Any CPU
		{A106E382-7E8A-4B55-8F3C-6224CC6FC951}.Release|Any CPU.ActiveCfg = Release|Any CPU
		{A106E382-7E8A-4B55-8F3C-6224CC6FC951}.Release|x64.ActiveCfg = Release|Any CPU
		{A106E382-7E8A-4B55-8F3C-6224CC6FC951}.Release|x86.ActiveCfg = Release|Any CPU
		{897ECA20-9485-475E-8E35-6C681B70A582}.Debug|Any CPU.ActiveCfg = Debug|Any CPU
		{897ECA20-9485-475E-8E35-6C681B70A582}.Debug|Any CPU.Build.0 = Debug|Any CPU
		{897ECA20-9485-475E-8E35-6C681B70A582}.Debug|x64.ActiveCfg = Debug|Any CPU
		{897ECA20-9485-475E-8E35-6C681B70A582}.Debug|x64.Build.0 = Debug|Any CPU
		{897ECA20-9485-475E-8E35-6C681B70A582}.Debug|x86.ActiveCfg = Debug|Any CPU
		{897ECA20-9485-475E-8E35-6C681B70A582}.Debug|x86.Build.0 = Debug|Any CPU
		{897ECA20-9485-475E-8E35-6C681B70A582}.Release|Any CPU.ActiveCfg = Release|Any CPU
		{897ECA20-9485-475E-8E35-6C681B70A582}.Release|Any CPU.Build.0 = Release|Any CPU
		{897ECA20-9485-475E-8E35-6C681B70A582}.Release|x64.ActiveCfg = Release|Any CPU
		{897ECA20-9485-475E-8E35-6C681B70A582}.Release|x64.Build.0 = Release|Any CPU
		{897ECA20-9485-475E-8E35-6C681B70A582}.Release|x86.ActiveCfg = Release|Any CPU
		{897ECA20-9485-475E-8E35-6C681B70A582}.Release|x86.Build.0 = Release|Any CPU
		{4BD0987C-02DD-40F9-ABA9-D93190F32D17}.Debug|Any CPU.ActiveCfg = Debug|Any CPU
		{4BD0987C-02DD-40F9-ABA9-D93190F32D17}.Debug|Any CPU.Build.0 = Debug|Any CPU
		{4BD0987C-02DD-40F9-ABA9-D93190F32D17}.Debug|x64.ActiveCfg = Debug|Any CPU
		{4BD0987C-02DD-40F9-ABA9-D93190F32D17}.Debug|x64.Build.0 = Debug|Any CPU
		{4BD0987C-02DD-40F9-ABA9-D93190F32D17}.Debug|x86.ActiveCfg = Debug|Any CPU
		{4BD0987C-02DD-40F9-ABA9-D93190F32D17}.Debug|x86.Build.0 = Debug|Any CPU
		{4BD0987C-02DD-40F9-ABA9-D93190F32D17}.Release|Any CPU.ActiveCfg = Release|Any CPU
		{4BD0987C-02DD-40F9-ABA9-D93190F32D17}.Release|Any CPU.Build.0 = Release|Any CPU
		{4BD0987C-02DD-40F9-ABA9-D93190F32D17}.Release|x64.ActiveCfg = Release|Any CPU
		{4BD0987C-02DD-40F9-ABA9-D93190F32D17}.Release|x64.Build.0 = Release|Any CPU
		{4BD0987C-02DD-40F9-ABA9-D93190F32D17}.Release|x86.ActiveCfg = Release|Any CPU
		{4BD0987C-02DD-40F9-ABA9-D93190F32D17}.Release|x86.Build.0 = Release|Any CPU
	EndGlobalSection
	GlobalSection(SolutionProperties) = preSolution
		HideSolutionNode = FALSE
	EndGlobalSection
	GlobalSection(NestedProjects) = preSolution
		{ABB2541D-60B9-4DC3-AAEC-22E2D3151247} = {881BF256-EE95-4A8F-A464-0BE6B5A2EBA7}
		{2A10A76B-558F-424D-965B-D2C84703CEE0} = {881BF256-EE95-4A8F-A464-0BE6B5A2EBA7}
		{EEF33BC1-2E0D-44EC-87D7-8D5F21D7738A} = {ABB2541D-60B9-4DC3-AAEC-22E2D3151247}
		{98853A97-4086-4BB0-9C04-2CA271F03DB6} = {ABB2541D-60B9-4DC3-AAEC-22E2D3151247}
		{D8D748D7-AEDF-4C88-9AA9-95498FCF87B8} = {24EF740C-D3FA-417A-BD27-1FC0ECDDFA9C}
		{EBE561F5-8040-4C96-83CD-898C2AE5F70D} = {ABB2541D-60B9-4DC3-AAEC-22E2D3151247}
		{087A7734-F41B-4595-897A-A6E65E2C554E} = {DE15F97C-B48D-4280-BC7B-5789B7C0720B}
		{897ECA20-9485-475E-8E35-6C681B70A582} = {24EF740C-D3FA-417A-BD27-1FC0ECDDFA9C}
		{4BD0987C-02DD-40F9-ABA9-D93190F32D17} = {24EF740C-D3FA-417A-BD27-1FC0ECDDFA9C}
	EndGlobalSection
	GlobalSection(ExtensibilityGlobals) = postSolution
		SolutionGuid = {BBC464E8-5BBF-4AC5-A709-5B3B0814FDC0}
	EndGlobalSection
EndGlobal
